
Microsoft Visual Studio Solution File, Format Version 12.00
# Visual Studio Version 16
VisualStudioVersion = 16.0.31019.35
MinimumVisualStudioVersion = 10.0.40219.1
Project("{FAE04EC0-301F-11D3-BF4B-00C04F79EFBC}") = "MVCMovie", "MVCMovie\MVCMovie.csproj", "{C3015AB7-E646-445C-A9FF-D2005F4002A6}"
EndProject
Project("{FAE04EC0-301F-11D3-BF4B-00C04F79EFBC}") = "StudentApp", "StudentApp\StudentApp.csproj", "{6E47F7DD-EE93-4B00-B9B3-5ACBD38B4C8B}"
EndProject
Project("{9A19103F-16F7-4668-BE54-9A1E7A4F7556}") = "LinqExamples", "LinqExamples\LinqExamples.csproj", "{EF5F328E-193E-4006-AC5A-49FFB54E85DF}"
EndProject
Project("{FAE04EC0-301F-11D3-BF4B-00C04F79EFBC}") = "LMSSystem", "LMSSystem\LMSSystem.csproj", "{D4E7D4DE-E1E7-42A9-87D5-57D8B27AC125}"
EndProject
Project("{FAE04EC0-301F-11D3-BF4B-00C04F79EFBC}") = "TodoApp", "TodoApp\TodoApp.csproj", "{2D24E8A4-30C6-450C-82F5-8D22BC8F182E}"
EndProject
Project("{FAE04EC0-301F-11D3-BF4B-00C04F79EFBC}") = "BillTracker", "BillTracker\BillTracker.csproj", "{CD034A19-113C-4675-A5AE-9B6D569A37FE}"
EndProject
Global
	GlobalSection(SolutionConfigurationPlatforms) = preSolution
		Debug|Any CPU = Debug|Any CPU
		Release|Any CPU = Release|Any CPU
	EndGlobalSection
	GlobalSection(ProjectConfigurationPlatforms) = postSolution
		{C3015AB7-E646-445C-A9FF-D2005F4002A6}.Debug|Any CPU.ActiveCfg = Debug|Any CPU
		{C3015AB7-E646-445C-A9FF-D2005F4002A6}.Debug|Any CPU.Build.0 = Debug|Any CPU
		{C3015AB7-E646-445C-A9FF-D2005F4002A6}.Release|Any CPU.ActiveCfg = Release|Any CPU
		{C3015AB7-E646-445C-A9FF-D2005F4002A6}.Release|Any CPU.Build.0 = Release|Any CPU
		{6E47F7DD-EE93-4B00-B9B3-5ACBD38B4C8B}.Debug|Any CPU.ActiveCfg = Debug|Any CPU
		{6E47F7DD-EE93-4B00-B9B3-5ACBD38B4C8B}.Debug|Any CPU.Build.0 = Debug|Any CPU
		{6E47F7DD-EE93-4B00-B9B3-5ACBD38B4C8B}.Release|Any CPU.ActiveCfg = Release|Any CPU
		{6E47F7DD-EE93-4B00-B9B3-5ACBD38B4C8B}.Release|Any CPU.Build.0 = Release|Any CPU
		{EF5F328E-193E-4006-AC5A-49FFB54E85DF}.Debug|Any CPU.ActiveCfg = Debug|Any CPU
		{EF5F328E-193E-4006-AC5A-49FFB54E85DF}.Debug|Any CPU.Build.0 = Debug|Any CPU
		{EF5F328E-193E-4006-AC5A-49FFB54E85DF}.Release|Any CPU.ActiveCfg = Release|Any CPU
		{EF5F328E-193E-4006-AC5A-49FFB54E85DF}.Release|Any CPU.Build.0 = Release|Any CPU
		{D4E7D4DE-E1E7-42A9-87D5-57D8B27AC125}.Debug|Any CPU.ActiveCfg = Debug|Any CPU
		{D4E7D4DE-E1E7-42A9-87D5-57D8B27AC125}.Debug|Any CPU.Build.0 = Debug|Any CPU
		{D4E7D4DE-E1E7-42A9-87D5-57D8B27AC125}.Release|Any CPU.ActiveCfg = Release|Any CPU
		{D4E7D4DE-E1E7-42A9-87D5-57D8B27AC125}.Release|Any CPU.Build.0 = Release|Any CPU
		{2D24E8A4-30C6-450C-82F5-8D22BC8F182E}.Debug|Any CPU.ActiveCfg = Debug|Any CPU
		{2D24E8A4-30C6-450C-82F5-8D22BC8F182E}.Debug|Any CPU.Build.0 = Debug|Any CPU
		{2D24E8A4-30C6-450C-82F5-8D22BC8F182E}.Release|Any CPU.ActiveCfg = Release|Any CPU
		{2D24E8A4-30C6-450C-82F5-8D22BC8F182E}.Release|Any CPU.Build.0 = Release|Any CPU
		{CD034A19-113C-4675-A5AE-9B6D569A37FE}.Debug|Any CPU.ActiveCfg = Debug|Any CPU
		{CD034A19-113C-4675-A5AE-9B6D569A37FE}.Debug|Any CPU.Build.0 = Debug|Any CPU
		{CD034A19-113C-4675-A5AE-9B6D569A37FE}.Release|Any CPU.ActiveCfg = Release|Any CPU
		{CD034A19-113C-4675-A5AE-9B6D569A37FE}.Release|Any CPU.Build.0 = Release|Any CPU
	EndGlobalSection
	GlobalSection(SolutionProperties) = preSolution
		HideSolutionNode = FALSE
	EndGlobalSection
	GlobalSection(ExtensibilityGlobals) = postSolution
		SolutionGuid = {FF958FA7-4BAE-4E63-97C0-C381C9BFC466}
	EndGlobalSection
EndGlobal
